
Microsoft Visual Studio Solution File, Format Version 12.00
# Visual Studio 15
VisualStudioVersion = 15.0.28307.1927
MinimumVisualStudioVersion = 10.0.40219.1
Project("{FAE04EC0-301F-11D3-BF4B-00C04F79EFBC}") = "Servidor_Rest_Eureka_Dotnet", "Servidor_Rest_Eureka_Dotnet\Servidor_Rest_Eureka_Dotnet.csproj", "{AAC118B3-D493-4966-B7AC-459A718B511C}"
EndProject
Global
	GlobalSection(SolutionConfigurationPlatforms) = preSolution
		Debug|Any CPU = Debug|Any CPU
		Release|Any CPU = Release|Any CPU
	EndGlobalSection
	GlobalSection(ProjectConfigurationPlatforms) = postSolution
		{AAC118B3-D493-4966-B7AC-459A718B511C}.Debug|Any CPU.ActiveCfg = Debug|Any CPU
		{AAC118B3-D493-4966-B7AC-459A718B511C}.Debug|Any CPU.Build.0 = Debug|Any CPU
		{AAC118B3-D493-4966-B7AC-459A718B511C}.Release|Any CPU.ActiveCfg = Release|Any CPU
		{AAC118B3-D493-4966-B7AC-459A718B511C}.Release|Any CPU.Build.0 = Release|Any CPU
	EndGlobalSection
	GlobalSection(SolutionProperties) = preSolution
		HideSolutionNode = FALSE
	EndGlobalSection
	GlobalSection(ExtensibilityGlobals) = postSolution
		SolutionGuid = {AB7E2D04-85F7-4990-833A-0F6A69D48102}
	EndGlobalSection
EndGlobal
